{
  "name": "miniprogram",
  "version": "1.0.0",
  "lockfileVersion": 1,
  "requires": true,
  "dependencies": {
    "gl-matrix": {
      "version": "3.0.0",
      "resolved": "https://registry.npm.taobao.org/gl-matrix/download/gl-matrix-3.0.0.tgz",
      "integrity": "sha1-iIMBrHZQ4UjDhlNw4T7GbQioOB8="
    },
    "vant-weapp": {
      "version": "0.5.14",
      "resolved": "https://registry.npm.taobao.org/vant-weapp/download/vant-weapp-0.5.14.tgz",
      "integrity": "sha1-DKjyENc8Ubzyapn6zaFQy5aisFM="
    }
  }
}
